# This file is automatically @generated by Cargo.
# It is not intended for manual editing.
version = 3

[[package]]
name = "imgref"
version = "1.9.2"
source = "registry+https://github.com/rust-lang/crates.io-index"
checksum = "7d6a8cd48d0dc604999b8beacfbfc2f4eb289a52af175029d4f79fb57b80c7d5"

[[package]]
name = "imgref-iter"
version = "0.3.2"
dependencies = [
 "imgref",
]
